
Microsoft Visual Studio Solution File, Format Version 12.00
# Visual Studio Version 16
VisualStudioVersion = 16.0.31205.134
MinimumVisualStudioVersion = 10.0.40219.1
Project("{F2A71F9B-5D33-465A-A702-920D77279786}") = "TenL", "TenL\TenL.fsproj", "{05918605-AD05-4E50-9ADD-6B670193467C}"
EndProject
Global
	GlobalSection(SolutionConfigurationPlatforms) = preSolution
		Debug|Any CPU = Debug|Any CPU
		Release|Any CPU = Release|Any CPU
	EndGlobalSection
	GlobalSection(ProjectConfigurationPlatforms) = postSolution
		{05918605-AD05-4E50-9ADD-6B670193467C}.Debug|Any CPU.ActiveCfg = Debug|Any CPU
		{05918605-AD05-4E50-9ADD-6B670193467C}.Debug|Any CPU.Build.0 = Debug|Any CPU
		{05918605-AD05-4E50-9ADD-6B670193467C}.Release|Any CPU.ActiveCfg = Release|Any CPU
		{05918605-AD05-4E50-9ADD-6B670193467C}.Release|Any CPU.Build.0 = Release|Any CPU
	EndGlobalSection
	GlobalSection(SolutionProperties) = preSolution
		HideSolutionNode = FALSE
	EndGlobalSection
	GlobalSection(ExtensibilityGlobals) = postSolution
		SolutionGuid = {F5FE29D6-E3D2-4A7E-90C0-87AC1B6307F0}
	EndGlobalSection
EndGlobal
